
Microsoft Visual Studio Solution File, Format Version 12.00
# Visual Studio Version 17
VisualStudioVersion = 17.6.33723.286
MinimumVisualStudioVersion = 10.0.40219.1
Project("{9A19103F-16F7-4668-BE54-9A1E7A4F7556}") = "BankApp", "..\BankApp\BankApp.csproj", "{6A42F6E7-1AB3-4A16-9973-64F4CF9B99BC}"
EndProject
Project("{FAE04EC0-301F-11D3-BF4B-00C04F79EFBC}") = "WindowsFormsApp3", "..\WindowsFormsApp3\WindowsFormsApp3.csproj", "{A5D5A98C-DE39-4B20-BD5E-5A3A579CEDF2}"
EndProject
Project("{9A19103F-16F7-4668-BE54-9A1E7A4F7556}") = "BankApp-Core", "..\BankApp-Core\BankApp-Core.csproj", "{7853594A-7031-4078-942C-A758518D93D1}"
EndProject
Project("{9A19103F-16F7-4668-BE54-9A1E7A4F7556}") = "BankApp-Repository", "..\BankApp-Repository\BankApp-Repository.csproj", "{D6E8CAA8-2F0F-4B36-ACB0-0B694981FC17}"
EndProject
Project("{9A19103F-16F7-4668-BE54-9A1E7A4F7556}") = "BankApp-Models", "..\BankApp-Models\BankApp-Models.csproj", "{CB511489-D1C1-4DE5-8637-791E3A98D40A}"
EndProject
Project("{FAE04EC0-301F-11D3-BF4B-00C04F79EFBC}") = "Utility", "Utility\Utility.csproj", "{6CFE6729-6F79-486C-B275-7DD8F70F34A0}"
EndProject
Project("{FAE04EC0-301F-11D3-BF4B-00C04F79EFBC}") = "BankApp-Service", "BankApp-Service\BankApp-Service.csproj", "{6F6FAB6C-56AF-419F-9909-13188ECE5BC1}"
EndProject
Global
	GlobalSection(SolutionConfigurationPlatforms) = preSolution
		Debug|Any CPU = Debug|Any CPU
		Release|Any CPU = Release|Any CPU
	EndGlobalSection
	GlobalSection(ProjectConfigurationPlatforms) = postSolution
		{6A42F6E7-1AB3-4A16-9973-64F4CF9B99BC}.Debug|Any CPU.ActiveCfg = Debug|Any CPU
		{6A42F6E7-1AB3-4A16-9973-64F4CF9B99BC}.Debug|Any CPU.Build.0 = Debug|Any CPU
		{6A42F6E7-1AB3-4A16-9973-64F4CF9B99BC}.Release|Any CPU.ActiveCfg = Release|Any CPU
		{6A42F6E7-1AB3-4A16-9973-64F4CF9B99BC}.Release|Any CPU.Build.0 = Release|Any CPU
		{A5D5A98C-DE39-4B20-BD5E-5A3A579CEDF2}.Debug|Any CPU.ActiveCfg = Debug|Any CPU
		{A5D5A98C-DE39-4B20-BD5E-5A3A579CEDF2}.Debug|Any CPU.Build.0 = Debug|Any CPU
		{A5D5A98C-DE39-4B20-BD5E-5A3A579CEDF2}.Release|Any CPU.ActiveCfg = Release|Any CPU
		{A5D5A98C-DE39-4B20-BD5E-5A3A579CEDF2}.Release|Any CPU.Build.0 = Release|Any CPU
		{7853594A-7031-4078-942C-A758518D93D1}.Debug|Any CPU.ActiveCfg = Debug|Any CPU
		{7853594A-7031-4078-942C-A758518D93D1}.Debug|Any CPU.Build.0 = Debug|Any CPU
		{7853594A-7031-4078-942C-A758518D93D1}.Release|Any CPU.ActiveCfg = Release|Any CPU
		{7853594A-7031-4078-942C-A758518D93D1}.Release|Any CPU.Build.0 = Release|Any CPU
		{D6E8CAA8-2F0F-4B36-ACB0-0B694981FC17}.Debug|Any CPU.ActiveCfg = Debug|Any CPU
		{D6E8CAA8-2F0F-4B36-ACB0-0B694981FC17}.Debug|Any CPU.Build.0 = Debug|Any CPU
		{D6E8CAA8-2F0F-4B36-ACB0-0B694981FC17}.Release|Any CPU.ActiveCfg = Release|Any CPU
		{D6E8CAA8-2F0F-4B36-ACB0-0B694981FC17}.Release|Any CPU.Build.0 = Release|Any CPU
		{CB511489-D1C1-4DE5-8637-791E3A98D40A}.Debug|Any CPU.ActiveCfg = Debug|Any CPU
		{CB511489-D1C1-4DE5-8637-791E3A98D40A}.Debug|Any CPU.Build.0 = Debug|Any CPU
		{CB511489-D1C1-4DE5-8637-791E3A98D40A}.Release|Any CPU.ActiveCfg = Release|Any CPU
		{CB511489-D1C1-4DE5-8637-791E3A98D40A}.Release|Any CPU.Build.0 = Release|Any CPU
		{6CFE6729-6F79-486C-B275-7DD8F70F34A0}.Debug|Any CPU.ActiveCfg = Debug|Any CPU
		{6CFE6729-6F79-486C-B275-7DD8F70F34A0}.Debug|Any CPU.Build.0 = Debug|Any CPU
		{6CFE6729-6F79-486C-B275-7DD8F70F34A0}.Release|Any CPU.ActiveCfg = Release|Any CPU
		{6CFE6729-6F79-486C-B275-7DD8F70F34A0}.Release|Any CPU.Build.0 = Release|Any CPU
		{6F6FAB6C-56AF-419F-9909-13188ECE5BC1}.Debug|Any CPU.ActiveCfg = Debug|Any CPU
		{6F6FAB6C-56AF-419F-9909-13188ECE5BC1}.Debug|Any CPU.Build.0 = Debug|Any CPU
		{6F6FAB6C-56AF-419F-9909-13188ECE5BC1}.Release|Any CPU.ActiveCfg = Release|Any CPU
		{6F6FAB6C-56AF-419F-9909-13188ECE5BC1}.Release|Any CPU.Build.0 = Release|Any CPU
	EndGlobalSection
	GlobalSection(SolutionProperties) = preSolution
		HideSolutionNode = FALSE
	EndGlobalSection
	GlobalSection(ExtensibilityGlobals) = postSolution
		SolutionGuid = {B726EC01-0527-4CD1-ADE6-36FD0AE8D68B}
	EndGlobalSection
EndGlobal
